
Microsoft Visual Studio Solution File, Format Version 12.00
# Visual Studio 15
VisualStudioVersion = 15.0.26124.0
MinimumVisualStudioVersion = 15.0.26124.0
Project("{2150E333-8FDC-42A3-9474-1A3956D46DE8}") = "src", "src", "{6EA165DC-4020-4414-8E5C-2F6F30D0DDF8}"
EndProject
Project("{FAE04EC0-301F-11D3-BF4B-00C04F79EFBC}") = "MoneyCSV2QIF", "src\MoneyCSV2QIF\MoneyCSV2QIF.csproj", "{039AEF76-AC42-43BA-9E62-B9CAAE827BF6}"
EndProject
Project("{2150E333-8FDC-42A3-9474-1A3956D46DE8}") = "test", "test", "{5C03777B-C474-4588-9634-AC08C0D12053}"
EndProject
Project("{FAE04EC0-301F-11D3-BF4B-00C04F79EFBC}") = "MoneyCSV2QIF.Tests", "test\MoneyCSV2QIF.Tests\MoneyCSV2QIF.Tests.csproj", "{B54B17CE-09C7-43F9-955A-0B83F8105B19}"
EndProject
Global
	GlobalSection(SolutionConfigurationPlatforms) = preSolution
		Debug|Any CPU = Debug|Any CPU
		Debug|x64 = Debug|x64
		Debug|x86 = Debug|x86
		Release|Any CPU = Release|Any CPU
		Release|x64 = Release|x64
		Release|x86 = Release|x86
	EndGlobalSection
	GlobalSection(SolutionProperties) = preSolution
		HideSolutionNode = FALSE
	EndGlobalSection
	GlobalSection(ProjectConfigurationPlatforms) = postSolution
		{039AEF76-AC42-43BA-9E62-B9CAAE827BF6}.Debug|Any CPU.ActiveCfg = Debug|Any CPU
		{039AEF76-AC42-43BA-9E62-B9CAAE827BF6}.Debug|Any CPU.Build.0 = Debug|Any CPU
		{039AEF76-AC42-43BA-9E62-B9CAAE827BF6}.Debug|x64.ActiveCfg = Debug|Any CPU
		{039AEF76-AC42-43BA-9E62-B9CAAE827BF6}.Debug|x64.Build.0 = Debug|Any CPU
		{039AEF76-AC42-43BA-9E62-B9CAAE827BF6}.Debug|x86.ActiveCfg = Debug|Any CPU
		{039AEF76-AC42-43BA-9E62-B9CAAE827BF6}.Debug|x86.Build.0 = Debug|Any CPU
		{039AEF76-AC42-43BA-9E62-B9CAAE827BF6}.Release|Any CPU.ActiveCfg = Release|Any CPU
		{039AEF76-AC42-43BA-9E62-B9CAAE827BF6}.Release|Any CPU.Build.0 = Release|Any CPU
		{039AEF76-AC42-43BA-9E62-B9CAAE827BF6}.Release|x64.ActiveCfg = Release|Any CPU
		{039AEF76-AC42-43BA-9E62-B9CAAE827BF6}.Release|x64.Build.0 = Release|Any CPU
		{039AEF76-AC42-43BA-9E62-B9CAAE827BF6}.Release|x86.ActiveCfg = Release|Any CPU
		{039AEF76-AC42-43BA-9E62-B9CAAE827BF6}.Release|x86.Build.0 = Release|Any CPU
		{B54B17CE-09C7-43F9-955A-0B83F8105B19}.Debug|Any CPU.ActiveCfg = Debug|Any CPU
		{B54B17CE-09C7-43F9-955A-0B83F8105B19}.Debug|Any CPU.Build.0 = Debug|Any CPU
		{B54B17CE-09C7-43F9-955A-0B83F8105B19}.Debug|x64.ActiveCfg = Debug|Any CPU
		{B54B17CE-09C7-43F9-955A-0B83F8105B19}.Debug|x64.Build.0 = Debug|Any CPU
		{B54B17CE-09C7-43F9-955A-0B83F8105B19}.Debug|x86.ActiveCfg = Debug|Any CPU
		{B54B17CE-09C7-43F9-955A-0B83F8105B19}.Debug|x86.Build.0 = Debug|Any CPU
		{B54B17CE-09C7-43F9-955A-0B83F8105B19}.Release|Any CPU.ActiveCfg = Release|Any CPU
		{B54B17CE-09C7-43F9-955A-0B83F8105B19}.Release|Any CPU.Build.0 = Release|Any CPU
		{B54B17CE-09C7-43F9-955A-0B83F8105B19}.Release|x64.ActiveCfg = Release|Any CPU
		{B54B17CE-09C7-43F9-955A-0B83F8105B19}.Release|x64.Build.0 = Release|Any CPU
		{B54B17CE-09C7-43F9-955A-0B83F8105B19}.Release|x86.ActiveCfg = Release|Any CPU
		{B54B17CE-09C7-43F9-955A-0B83F8105B19}.Release|x86.Build.0 = Release|Any CPU
	EndGlobalSection
	GlobalSection(NestedProjects) = preSolution
		{039AEF76-AC42-43BA-9E62-B9CAAE827BF6} = {6EA165DC-4020-4414-8E5C-2F6F30D0DDF8}
		{B54B17CE-09C7-43F9-955A-0B83F8105B19} = {5C03777B-C474-4588-9634-AC08C0D12053}
	EndGlobalSection
EndGlobal
